
Microsoft Visual Studio Solution File, Format Version 12.00
# Visual Studio Version 16
VisualStudioVersion = 16.0.30611.23
MinimumVisualStudioVersion = 10.0.40219.1
Project("{FAE04EC0-301F-11D3-BF4B-00C04F79EFBC}") = "ConsoleAppFlyingBirdApplicationH2", "ConsoleAppFlyingBirdApplicationH2\ConsoleAppFlyingBirdApplicationH2.csproj", "{FE85EC2A-3A6A-4D76-A8BA-E4878F7E0607}"
EndProject
Global
	GlobalSection(SolutionConfigurationPlatforms) = preSolution
		Debug|Any CPU = Debug|Any CPU
		Release|Any CPU = Release|Any CPU
	EndGlobalSection
	GlobalSection(ProjectConfigurationPlatforms) = postSolution
		{FE85EC2A-3A6A-4D76-A8BA-E4878F7E0607}.Debug|Any CPU.ActiveCfg = Debug|Any CPU
		{FE85EC2A-3A6A-4D76-A8BA-E4878F7E0607}.Debug|Any CPU.Build.0 = Debug|Any CPU
		{FE85EC2A-3A6A-4D76-A8BA-E4878F7E0607}.Release|Any CPU.ActiveCfg = Release|Any CPU
		{FE85EC2A-3A6A-4D76-A8BA-E4878F7E0607}.Release|Any CPU.Build.0 = Release|Any CPU
	EndGlobalSection
	GlobalSection(SolutionProperties) = preSolution
		HideSolutionNode = FALSE
	EndGlobalSection
	GlobalSection(ExtensibilityGlobals) = postSolution
		SolutionGuid = {D0410929-3F98-44DD-B7C1-F8A0DC69BDFE}
	EndGlobalSection
EndGlobal
